
Microsoft Visual Studio Solution File, Format Version 12.00
# Visual Studio Version 16
VisualStudioVersion = 16.0.31624.102
MinimumVisualStudioVersion = 10.0.40219.1
Project("{FAE04EC0-301F-11D3-BF4B-00C04F79EFBC}") = "Clients", "Clients.csproj", "{FEE09BB1-FCE5-43B9-AB2D-F128B6260EA2}"
EndProject
Global
	GlobalSection(SolutionConfigurationPlatforms) = preSolution
		Debug|Any CPU = Debug|Any CPU
		Release|Any CPU = Release|Any CPU
	EndGlobalSection
	GlobalSection(ProjectConfigurationPlatforms) = postSolution
		{FEE09BB1-FCE5-43B9-AB2D-F128B6260EA2}.Debug|Any CPU.ActiveCfg = Debug|Any CPU
		{FEE09BB1-FCE5-43B9-AB2D-F128B6260EA2}.Debug|Any CPU.Build.0 = Debug|Any CPU
		{FEE09BB1-FCE5-43B9-AB2D-F128B6260EA2}.Release|Any CPU.ActiveCfg = Release|Any CPU
		{FEE09BB1-FCE5-43B9-AB2D-F128B6260EA2}.Release|Any CPU.Build.0 = Release|Any CPU
	EndGlobalSection
	GlobalSection(SolutionProperties) = preSolution
		HideSolutionNode = FALSE
	EndGlobalSection
	GlobalSection(ExtensibilityGlobals) = postSolution
		SolutionGuid = {D242DAC3-2E86-4ECB-B5D1-A902307A62B9}
	EndGlobalSection
EndGlobal
